// !$*UTF8*$!
{
	archiveVersion = 1;
	classes = {
	};
	objectVersion = 46;
	objects = {

/* Begin PBXBuildFile section */
		DC420BB61DEE70DE007050B9 /* main.m in Sources */ = {isa = PBXBuildFile; fileRef = DC420BB51DEE70DE007050B9 /* main.m */; };
		DC420BB91DEE70DE007050B9 /* AppDelegate.m in Sources */ = {isa = PBXBuildFile; fileRef = DC420BB81DEE70DE007050B9 /* AppDelegate.m */; };
		DC420BBC1DEE70DE007050B9 /* ViewController.m in Sources */ = {isa = PBXBuildFile; fileRef = DC420BBB1DEE70DE007050B9 /* ViewController.m */; };
		DC420BBF1DEE70DE007050B9 /* Main.storyboard in Resources */ = {isa = PBXBuildFile; fileRef = DC420BBD1DEE70DE007050B9 /* Main.storyboard */; };
		DC420BC11DEE70DE007050B9 /* Assets.xcassets in Resources */ = {isa = PBXBuildFile; fileRef = DC420BC01DEE70DE007050B9 /* Assets.xcassets */; };
		DC420BC41DEE70DE007050B9 /* LaunchScreen.storyboard in Resources */ = {isa = PBXBuildFile; fileRef = DC420BC21DEE70DE007050B9 /* LaunchScreen.storyboard */; };
		DC420BCF1DEE70DE007050B9 /* AXCollectionViewBalancedFlowLayoutTests.m in Sources */ = {isa = PBXBuildFile; fileRef = DC420BCE1DEE70DE007050B9 /* AXCollectionViewBalancedFlowLayoutTests.m */; };
		DC420BDA1DEE70DE007050B9 /* AXCollectionViewBalancedFlowLayoutUITests.m in Sources */ = {isa = PBXBuildFile; fileRef = DC420BD91DEE70DE007050B9 /* AXCollectionViewBalancedFlowLayoutUITests.m */; };
		DC420BEA1DEE718A007050B9 /* AXCollectionViewBalancedFlowLayout.m in Sources */ = {isa = PBXBuildFile; fileRef = DC420BE91DEE718A007050B9 /* AXCollectionViewBalancedFlowLayout.m */; };
/* End PBXBuildFile section */

/* Begin PBXContainerItemProxy section */
		DC420BCB1DEE70DE007050B9 /* PBXContainerItemProxy */ = {
			isa = PBXContainerItemProxy;
			containerPortal = DC420BA91DEE70DE007050B9 /* Project object */;
			proxyType = 1;
			remoteGlobalIDString = DC420BB01DEE70DE007050B9;
			remoteInfo = AXCollectionViewBalancedFlowLayout;
		};
		DC420BD61DEE70DE007050B9 /* PBXContainerItemProxy */ = {
			isa = PBXContainerItemProxy;
			containerPortal = DC420BA91DEE70DE007050B9 /* Project object */;
			proxyType = 1;
			remoteGlobalIDString = DC420BB01DEE70DE007050B9;
			remoteInfo = AXCollectionViewBalancedFlowLayout;
		};
/* End PBXContainerItemProxy section */

/* Begin PBXFileReference section */
		DC420BB11DEE70DE007050B9 /* AXCollectionViewBalancedFlowLayout.app */ = {isa = PBXFileReference; explicitFileType = wrapper.application; includeInIndex = 0; path = AXCollectionViewBalancedFlowLayout.app; sourceTree = BUILT_PRODUCTS_DIR; };
		DC420BB51DEE70DE007050B9 /* main.m */ = {isa = PBXFileReference; lastKnownFileType = sourcecode.c.objc; path = main.m; sourceTree = "<group>"; };
		DC420BB71DEE70DE007050B9 /* AppDelegate.h */ = {isa = PBXFileReference; lastKnownFileType = sourcecode.c.h; path = AppDelegate.h; sourceTree = "<group>"; };
		DC420BB81DEE70DE007050B9 /* AppDelegate.m */ = {isa = PBXFileReference; lastKnownFileType = sourcecode.c.objc; path = AppDelegate.m; sourceTree = "<group>"; };
		DC420BBA1DEE70DE007050B9 /* ViewController.h */ = {isa = PBXFileReference; lastKnownFileType = sourcecode.c.h; path = ViewController.h; sourceTree = "<group>"; };
		DC420BBB1DEE70DE007050B9 /* ViewController.m */ = {isa = PBXFileReference; lastKnownFileType = sourcecode.c.objc; path = ViewController.m; sourceTree = "<group>"; };
		DC420BBE1DEE70DE007050B9 /* Base */ = {isa = PBXFileReference; lastKnownFileType = file.storyboard; name = Base; path = Base.lproj/Main.storyboard; sourceTree = "<group>"; };
		DC420BC01DEE70DE007050B9 /* Assets.xcassets */ = {isa = PBXFileReference; lastKnownFileType = folder.assetcatalog; path = Assets.xcassets; sourceTree = "<group>"; };
		DC420BC31DEE70DE007050B9 /* Base */ = {isa = PBXFileReference; lastKnownFileType = file.storyboard; name = Base; path = Base.lproj/LaunchScreen.storyboard; sourceTree = "<group>"; };
		DC420BC51DEE70DE007050B9 /* Info.plist */ = {isa = PBXFileReference; lastKnownFileType = text.plist.xml; path = Info.plist; sourceTree = "<group>"; };
		DC420BCA1DEE70DE007050B9 /* AXCollectionViewBalancedFlowLayoutTests.xctest */ = {isa = PBXFileReference; explicitFileType = wrapper.cfbundle; includeInIndex = 0; path = AXCollectionViewBalancedFlowLayoutTests.xctest; sourceTree = BUILT_PRODUCTS_DIR; };
		DC420BCE1DEE70DE007050B9 /* AXCollectionViewBalancedFlowLayoutTests.m */ = {isa = PBXFileReference; lastKnownFileType = sourcecode.c.objc; path = AXCollectionViewBalancedFlowLayoutTests.m; sourceTree = "<group>"; };
		DC420BD01DEE70DE007050B9 /* Info.plist */ = {isa = PBXFileReference; lastKnownFileType = text.plist.xml; path = Info.plist; sourceTree = "<group>"; };
		DC420BD51DEE70DE007050B9 /* AXCollectionViewBalancedFlowLayoutUITests.xctest */ = {isa = PBXFileReference; explicitFileType = wrapper.cfbundle; includeInIndex = 0; path = AXCollectionViewBalancedFlowLayoutUITests.xctest; sourceTree = BUILT_PRODUCTS_DIR; };
		DC420BD91DEE70DE007050B9 /* AXCollectionViewBalancedFlowLayoutUITests.m */ = {isa = PBXFileReference; lastKnownFileType = sourcecode.c.objc; path = AXCollectionViewBalancedFlowLayoutUITests.m; sourceTree = "<group>"; };
		DC420BDB1DEE70DE007050B9 /* Info.plist */ = {isa = PBXFileReference; lastKnownFileType = text.plist.xml; path = Info.plist; sourceTree = "<group>"; };
		DC420BE81DEE718A007050B9 /* AXCollectionViewBalancedFlowLayout.h */ = {isa = PBXFileReference; fileEncoding = 4; lastKnownFileType = sourcecode.c.h; path = AXCollectionViewBalancedFlowLayout.h; sourceTree = "<group>"; };
		DC420BE91DEE718A007050B9 /* AXCollectionViewBalancedFlowLayout.m */ = {isa = PBXFileReference; fileEncoding = 4; lastKnownFileType = sourcecode.c.objc; path = AXCollectionViewBalancedFlowLayout.m; sourceTree = "<group>"; };
/* End PBXFileReference section */

/* Begin PBXFrameworksBuildPhase section */
		DC420BAE1DEE70DE007050B9 /* Frameworks */ = {
			isa = PBXFrameworksBuildPhase;
			buildActionMask = 2147483647;
			files = (
			);
			runOnlyForDeploymentPostprocessing = 0;
		};
		DC420BC71DEE70DE007050B9 /* Frameworks */ = {
			isa = PBXFrameworksBuildPhase;
			buildActionMask = 2147483647;
			files = (
			);
			runOnlyForDeploymentPostprocessing = 0;
		};
		DC420BD21DEE70DE007050B9 /* Frameworks */ = {
			isa = PBXFrameworksBuildPhase;
			buildActionMask = 2147483647;
			files = (
			);
			runOnlyForDeploymentPostprocessing = 0;
		};
/* End PBXFrameworksBuildPhase section */

/* Begin PBXGroup section */
		DC420BA81DEE70DE007050B9 = {
			isa = PBXGroup;
			children = (
				DC420BB31DEE70DE007050B9 /* AXCollectionViewBalancedFlowLayout */,
				DC420BCD1DEE70DE007050B9 /* AXCollectionViewBalancedFlowLayoutTests */,
				DC420BD81DEE70DE007050B9 /* AXCollectionViewBalancedFlowLayoutUITests */,
				DC420BB21DEE70DE007050B9 /* Products */,
			);
			sourceTree = "<group>";
		};
		DC420BB21DEE70DE007050B9 /* Products */ = {
			isa = PBXGroup;
			children = (
				DC420BB11DEE70DE007050B9 /* AXCollectionViewBalancedFlowLayout.app */,
				DC420BCA1DEE70DE007050B9 /* AXCollectionViewBalancedFlowLayoutTests.xctest */,
				DC420BD51DEE70DE007050B9 /* AXCollectionViewBalancedFlowLayoutUITests.xctest */,
			);
			name = Products;
			sourceTree = "<group>";
		};
		DC420BB31DEE70DE007050B9 /* AXCollectionViewBalancedFlowLayout */ = {
			isa = PBXGroup;
			children = (
				DC420BB71DEE70DE007050B9 /* AppDelegate.h */,
				DC420BB81DEE70DE007050B9 /* AppDelegate.m */,
				DC420BBA1DEE70DE007050B9 /* ViewController.h */,
				DC420BBB1DEE70DE007050B9 /* ViewController.m */,
				DC420BE71DEE718A007050B9 /* Classes */,
				DC420BBD1DEE70DE007050B9 /* Main.storyboard */,
				DC420BC01DEE70DE007050B9 /* Assets.xcassets */,
				DC420BC21DEE70DE007050B9 /* LaunchScreen.storyboard */,
				DC420BC51DEE70DE007050B9 /* Info.plist */,
				DC420BB41DEE70DE007050B9 /* Supporting Files */,
			);
			path = AXCollectionViewBalancedFlowLayout;
			sourceTree = "<group>";
		};
		DC420BB41DEE70DE007050B9 /* Supporting Files */ = {
			isa = PBXGroup;
			children = (
				DC420BB51DEE70DE007050B9 /* main.m */,
			);
			name = "Supporting Files";
			sourceTree = "<group>";
		};
		DC420BCD1DEE70DE007050B9 /* AXCollectionViewBalancedFlowLayoutTests */ = {
			isa = PBXGroup;
			children = (
				DC420BCE1DEE70DE007050B9 /* AXCollectionViewBalancedFlowLayoutTests.m */,
				DC420BD01DEE70DE007050B9 /* Info.plist */,
			);
			path = AXCollectionViewBalancedFlowLayoutTests;
			sourceTree = "<group>";
		};
		DC420BD81DEE70DE007050B9 /* AXCollectionViewBalancedFlowLayoutUITests */ = {
			isa = PBXGroup;
			children = (
				DC420BD91DEE70DE007050B9 /* AXCollectionViewBalancedFlowLayoutUITests.m */,
				DC420BDB1DEE70DE007050B9 /* Info.plist */,
			);
			path = AXCollectionViewBalancedFlowLayoutUITests;
			sourceTree = "<group>";
		};
		DC420BE71DEE718A007050B9 /* Classes */ = {
			isa = PBXGroup;
			children = (
				DC420BE81DEE718A007050B9 /* AXCollectionViewBalancedFlowLayout.h */,
				DC420BE91DEE718A007050B9 /* AXCollectionViewBalancedFlowLayout.m */,
			);
			path = Classes;
			sourceTree = "<group>";
		};
/* End PBXGroup section */

/* Begin PBXNativeTarget section */
		DC420BB01DEE70DE007050B9 /* AXCollectionViewBalancedFlowLayout */ = {
			isa = PBXNativeTarget;
			buildConfigurationList = DC420BDE1DEE70DE007050B9 /* Build configuration list for PBXNativeTarget "AXCollectionViewBalancedFlowLayout" */;
			buildPhases = (
				DC420BAD1DEE70DE007050B9 /* Sources */,
				DC420BAE1DEE70DE007050B9 /* Frameworks */,
				DC420BAF1DEE70DE007050B9 /* Resources */,
			);
			buildRules = (
			);
			dependencies = (
			);
			name = AXCollectionViewBalancedFlowLayout;
			productName = AXCollectionViewBalancedFlowLayout;
			productReference = DC420BB11DEE70DE007050B9 /* AXCollectionViewBalancedFlowLayout.app */;
			productType = "com.apple.product-type.application";
		};
		DC420BC91DEE70DE007050B9 /* AXCollectionViewBalancedFlowLayoutTests */ = {
			isa = PBXNativeTarget;
			buildConfigurationList = DC420BE11DEE70DE007050B9 /* Build configuration list for PBXNativeTarget "AXCollectionViewBalancedFlowLayoutTests" */;
			buildPhases = (
				DC420BC61DEE70DE007050B9 /* Sources */,
				DC420BC71DEE70DE007050B9 /* Frameworks */,
				DC420BC81DEE70DE007050B9 /* Resources */,
			);
			buildRules = (
			);
			dependencies = (
				DC420BCC1DEE70DE007050B9 /* PBXTargetDependency */,
			);
			name = AXCollectionViewBalancedFlowLayoutTests;
			productName = AXCollectionViewBalancedFlowLayoutTests;
			productReference = DC420BCA1DEE70DE007050B9 /* AXCollectionViewBalancedFlowLayoutTests.xctest */;
			productType = "com.apple.product-type.bundle.unit-test";
		};
		DC420BD41DEE70DE007050B9 /* AXCollectionViewBalancedFlowLayoutUITests */ = {
			isa = PBXNativeTarget;
			buildConfigurationList = DC420BE41DEE70DE007050B9 /* Build configuration list for PBXNativeTarget "AXCollectionViewBalancedFlowLayoutUITests" */;
			buildPhases = (
				DC420BD11DEE70DE007050B9 /* Sources */,
				DC420BD21DEE70DE007050B9 /* Frameworks */,
				DC420BD31DEE70DE007050B9 /* Resources */,
			);
			buildRules = (
			);
			dependencies = (
				DC420BD71DEE70DE007050B9 /* PBXTargetDependency */,
			);
			name = AXCollectionViewBalancedFlowLayoutUITests;
			productName = AXCollectionViewBalancedFlowLayoutUITests;
			productReference = DC420BD51DEE70DE007050B9 /* AXCollectionViewBalancedFlowLayoutUITests.xctest */;
			productType = "com.apple.product-type.bundle.ui-testing";
		};
/* End PBXNativeTarget section */

/* Begin PBXProject section */
		DC420BA91DEE70DE007050B9 /* Project object */ = {
			isa = PBXProject;
			attributes = {
				LastUpgradeCheck = 0810;
				ORGANIZATIONNAME = jiangyou;
				TargetAttributes = {
					DC420BB01DEE70DE007050B9 = {
						CreatedOnToolsVersion = 8.1;
						DevelopmentTeam = TKA48YVS5T;
						ProvisioningStyle = Automatic;
					};
					DC420BC91DEE70DE007050B9 = {
						CreatedOnToolsVersion = 8.1;
						DevelopmentTeam = TKA48YVS5T;
						ProvisioningStyle = Automatic;
						TestTargetID = DC420BB01DEE70DE007050B9;
					};
					DC420BD41DEE70DE007050B9 = {
						CreatedOnToolsVersion = 8.1;
						DevelopmentTeam = TKA48YVS5T;
						ProvisioningStyle = Automatic;
						TestTargetID = DC420BB01DEE70DE007050B9;
					};
				};
			};
			buildConfigurationList = DC420BAC1DEE70DE007050B9 /* Build configuration list for PBXProject "AXCollectionViewBalancedFlowLayout" */;
			compatibilityVersion = "Xcode 3.2";
			developmentRegion = English;
			hasScannedForEncodings = 0;
			knownRegions = (
				en,
				Base,
			);
			mainGroup = DC420BA81DEE70DE007050B9;
			productRefGroup = DC420BB21DEE70DE007050B9 /* Products */;
			projectDirPath = "";
			projectRoot = "";
			targets = (
				DC420BB01DEE70DE007050B9 /* AXCollectionViewBalancedFlowLayout */,
				DC420BC91DEE70DE007050B9 /* AXCollectionViewBalancedFlowLayoutTests */,
				DC420BD41DEE70DE007050B9 /* AXCollectionViewBalancedFlowLayoutUITests */,
			);
		};
/* End PBXProject section */

/* Begin PBXResourcesBuildPhase section */
		DC420BAF1DEE70DE007050B9 /* Resources */ = {
			isa = PBXResourcesBuildPhase;
			buildActionMask = 2147483647;
			files = (
				DC420BC41DEE70DE007050B9 /* LaunchScreen.storyboard in Resources */,
				DC420BC11DEE70DE007050B9 /* Assets.xcassets in Resources */,
				DC420BBF1DEE70DE007050B9 /* Main.storyboard in Resources */,
			);
			runOnlyForDeploymentPostprocessing = 0;
		};
		DC420BC81DEE70DE007050B9 /* Resources */ = {
			isa = PBXResourcesBuildPhase;
			buildActionMask = 2147483647;
			files = (
			);
			runOnlyForDeploymentPostprocessing = 0;
		};
		DC420BD31DEE70DE007050B9 /* Resources */ = {
			isa = PBXResourcesBuildPhase;
			buildActionMask = 2147483647;
			files = (
			);
			runOnlyForDeploymentPostprocessing = 0;
		};
/* End PBXResourcesBuildPhase section */

/* Begin PBXSourcesBuildPhase section */
		DC420BAD1DEE70DE007050B9 /* Sources */ = {
			isa = PBXSourcesBuildPhase;
			buildActionMask = 2147483647;
			files = (
				DC420BBC1DEE70DE007050B9 /* ViewController.m in Sources */,
				DC420BB91DEE70DE007050B9 /* AppDelegate.m in Sources */,
				DC420BB61DEE70DE007050B9 /* main.m in Sources */,
				DC420BEA1DEE718A007050B9 /* AXCollectionViewBalancedFlowLayout.m in Sources */,
			);
			runOnlyForDeploymentPostprocessing = 0;
		};
		DC420BC61DEE70DE007050B9 /* Sources */ = {
			isa = PBXSourcesBuildPhase;
			buildActionMask = 2147483647;
			files = (
				DC420BCF1DEE70DE007050B9 /* AXCollectionViewBalancedFlowLayoutTests.m in Sources */,
			);
			runOnlyForDeploymentPostprocessing = 0;
		};
		DC420BD11DEE70DE007050B9 /* Sources */ = {
			isa = PBXSourcesBuildPhase;
			buildActionMask = 2147483647;
			files = (
				DC420BDA1DEE70DE007050B9 /* AXCollectionViewBalancedFlowLayoutUITests.m in Sources */,
			);
			runOnlyForDeploymentPostprocessing = 0;
		};
/* End PBXSourcesBuildPhase section */

/* Begin PBXTargetDependency section */
		DC420BCC1DEE70DE007050B9 /* PBXTargetDependency */ = {
			isa = PBXTargetDependency;
			target = DC420BB01DEE70DE007050B9 /* AXCollectionViewBalancedFlowLayout */;
			targetProxy = DC420BCB1DEE70DE007050B9 /* PBXContainerItemProxy */;
		};
		DC420BD71DEE70DE007050B9 /* PBXTargetDependency */ = {
			isa = PBXTargetDependency;
			target = DC420BB01DEE70DE007050B9 /* AXCollectionViewBalancedFlowLayout */;
			targetProxy = DC420BD61DEE70DE007050B9 /* PBXContainerItemProxy */;
		};
/* End PBXTargetDependency section */

/* Begin PBXVariantGroup section */
		DC420BBD1DEE70DE007050B9 /* Main.storyboard */ = {
			isa = PBXVariantGroup;
			children = (
				DC420BBE1DEE70DE007050B9 /* Base */,
			);
			name = Main.storyboard;
			sourceTree = "<group>";
		};
		DC420BC21DEE70DE007050B9 /* LaunchScreen.storyboard */ = {
			isa = PBXVariantGroup;
			children = (
				DC420BC31DEE70DE007050B9 /* Base */,
			);
			name = LaunchScreen.storyboard;
			sourceTree = "<group>";
		};
/* End PBXVariantGroup section */

/* Begin XCBuildConfiguration section */
		DC420BDC1DEE70DE007050B9 /* Debug */ = {
			isa = XCBuildConfiguration;
			buildSettings = {
				ALWAYS_SEARCH_USER_PATHS = NO;
				CLANG_ANALYZER_NONNULL = YES;
				CLANG_CXX_LANGUAGE_STANDARD = "gnu++0x";
				CLANG_CXX_LIBRARY = "libc++";
				CLANG_ENABLE_MODULES = YES;
				CLANG_ENABLE_OBJC_ARC = YES;
				CLANG_WARN_BOOL_CONVERSION = YES;
				CLANG_WARN_CONSTANT_CONVERSION = YES;
				CLANG_WARN_DIRECT_OBJC_ISA_USAGE = YES_ERROR;
				CLANG_WARN_DOCUMENTATION_COMMENTS = YES;
				CLANG_WARN_EMPTY_BODY = YES;
				CLANG_WARN_ENUM_CONVERSION = YES;
				CLANG_WARN_INFINITE_RECURSION = YES;
				CLANG_WARN_INT_CONVERSION = YES;
				CLANG_WARN_OBJC_ROOT_CLASS = YES_ERROR;
				CLANG_WARN_SUSPICIOUS_MOVES = YES;
				CLANG_WARN_UNREACHABLE_CODE = YES;
				CLANG_WARN__DUPLICATE_METHOD_MATCH = YES;
				"CODE_SIGN_IDENTITY[sdk=iphoneos*]" = "iPhone Developer";
				COPY_PHASE_STRIP = NO;
				DEBUG_INFORMATION_FORMAT = dwarf;
				ENABLE_STRICT_OBJC_MSGSEND = YES;
				ENABLE_TESTABILITY = YES;
				GCC_C_LANGUAGE_STANDARD = gnu99;
				GCC_DYNAMIC_NO_PIC = NO;
				GCC_NO_COMMON_BLOCKS = YES;
				GCC_OPTIMIZATION_LEVEL = 0;
				GCC_PREPROCESSOR_DEFINITIONS = (
					"DEBUG=1",
					"$(inherited)",
				);
				GCC_WARN_64_TO_32_BIT_CONVERSION = YES;
				GCC_WARN_ABOUT_RETURN_TYPE = YES_ERROR;
				GCC_WARN_UNDECLARED_SELECTOR = YES;
				GCC_WARN_UNINITIALIZED_AUTOS = YES_AGGRESSIVE;
				GCC_WARN_UNUSED_FUNCTION = YES;
				GCC_WARN_UNUSED_VARIABLE = YES;
				IPHONEOS_DEPLOYMENT_TARGET = 10.1;
				MTL_ENABLE_DEBUG_INFO = YES;
				ONLY_ACTIVE_ARCH = YES;
				SDKROOT = iphoneos;
				TARGETED_DEVICE_FAMILY = "1,2";
			};
			name = Debug;
		};
		DC420BDD1DEE70DE007050B9 /* Release */ = {
			isa = XCBuildConfiguration;
			buildSettings = {
				ALWAYS_SEARCH_USER_PATHS = NO;
				CLANG_ANALYZER_NONNULL = YES;
				CLANG_CXX_LANGUAGE_STANDARD = "gnu++0x";
				CLANG_CXX_LIBRARY = "libc++";
				CLANG_ENABLE_MODULES = YES;
				CLANG_ENABLE_OBJC_ARC = YES;
				CLANG_WARN_BOOL_CONVERSION = YES;
				CLANG_WARN_CONSTANT_CONVERSION = YES;
				CLANG_WARN_DIRECT_OBJC_ISA_USAGE = YES_ERROR;
				CLANG_WARN_DOCUMENTATION_COMMENTS = YES;
				CLANG_WARN_EMPTY_BODY = YES;
				CLANG_WARN_ENUM_CONVERSION = YES;
				CLANG_WARN_INFINITE_RECURSION = YES;
				CLANG_WARN_INT_CONVERSION = YES;
				CLANG_WARN_OBJC_ROOT_CLASS = YES_ERROR;
				CLANG_WARN_SUSPICIOUS_MOVES = YES;
				CLANG_WARN_UNREACHABLE_CODE = YES;
				CLANG_WARN__DUPLICATE_METHOD_MATCH = YES;
				"CODE_SIGN_IDENTITY[sdk=iphoneos*]" = "iPhone Developer";
				COPY_PHASE_STRIP = NO;
				DEBUG_INFORMATION_FORMAT = "dwarf-with-dsym";
				ENABLE_NS_ASSERTIONS = NO;
				ENABLE_STRICT_OBJC_MSGSEND = YES;
				GCC_C_LANGUAGE_STANDARD = gnu99;
				GCC_NO_COMMON_BLOCKS = YES;
				GCC_WARN_64_TO_32_BIT_CONVERSION = YES;
				GCC_WARN_ABOUT_RETURN_TYPE = YES_ERROR;
				GCC_WARN_UNDECLARED_SELECTOR = YES;
				GCC_WARN_UNINITIALIZED_AUTOS = YES_AGGRESSIVE;
				GCC_WARN_UNUSED_FUNCTION = YES;
				GCC_WARN_UNUSED_VARIABLE = YES;
				IPHONEOS_DEPLOYMENT_TARGET = 10.1;
				MTL_ENABLE_DEBUG_INFO = NO;
				SDKROOT = iphoneos;
				TARGETED_DEVICE_FAMILY = "1,2";
				VALIDATE_PRODUCT = YES;
			};
			name = Release;
		};
		DC420BDF1DEE70DE007050B9 /* Debug */ = {
			isa = XCBuildConfiguration;
			buildSettings = {
				ASSETCATALOG_COMPILER_APPICON_NAME = AppIcon;
				DEVELOPMENT_TEAM = TKA48YVS5T;
				INFOPLIST_FILE = AXCollectionViewBalancedFlowLayout/Info.plist;
				LD_RUNPATH_SEARCH_PATHS = "$(inherited) @executable_path/Frameworks";
				PRODUCT_BUNDLE_IDENTIFIER = com.jiangyou.AXCollectionViewBalancedFlowLayout;
				PRODUCT_NAME = "$(TARGET_NAME)";
			};
			name = Debug;
		};
		DC420BE01DEE70DE007050B9 /* Release */ = {
			isa = XCBuildConfiguration;
			buildSettings = {
				ASSETCATALOG_COMPILER_APPICON_NAME = AppIcon;
				DEVELOPMENT_TEAM = TKA48YVS5T;
				INFOPLIST_FILE = AXCollectionViewBalancedFlowLayout/Info.plist;
				LD_RUNPATH_SEARCH_PATHS = "$(inherited) @executable_path/Frameworks";
				PRODUCT_BUNDLE_IDENTIFIER = com.jiangyou.AXCollectionViewBalancedFlowLayout;
				PRODUCT_NAME = "$(TARGET_NAME)";
			};
			name = Release;
		};
		DC420BE21DEE70DE007050B9 /* Debug */ = {
			isa = XCBuildConfiguration;
			buildSettings = {
				BUNDLE_LOADER = "$(TEST_HOST)";
				DEVELOPMENT_TEAM = TKA48YVS5T;
				INFOPLIST_FILE = AXCollectionViewBalancedFlowLayoutTests/Info.plist;
				LD_RUNPATH_SEARCH_PATHS = "$(inherited) @executable_path/Frameworks @loader_path/Frameworks";
				PRODUCT_BUNDLE_IDENTIFIER = com.jiangyou.AXCollectionViewBalancedFlowLayoutTests;
				PRODUCT_NAME = "$(TARGET_NAME)";
				TEST_HOST = "$(BUILT_PRODUCTS_DIR)/AXCollectionViewBalancedFlowLayout.app/AXCollectionViewBalancedFlowLayout";
			};
			name = Debug;
		};
		DC420BE31DEE70DE007050B9 /* Release */ = {
			isa = XCBuildConfiguration;
			buildSettings = {
				BUNDLE_LOADER = "$(TEST_HOST)";
				DEVELOPMENT_TEAM = TKA48YVS5T;
				INFOPLIST_FILE = AXCollectionViewBalancedFlowLayoutTests/Info.plist;
				LD_RUNPATH_SEARCH_PATHS = "$(inherited) @executable_path/Frameworks @loader_path/Frameworks";
				PRODUCT_BUNDLE_IDENTIFIER = com.jiangyou.AXCollectionViewBalancedFlowLayoutTests;
				PRODUCT_NAME = "$(TARGET_NAME)";
				TEST_HOST = "$(BUILT_PRODUCTS_DIR)/AXCollectionViewBalancedFlowLayout.app/AXCollectionViewBalancedFlowLayout";
			};
			name = Release;
		};
		DC420BE51DEE70DE007050B9 /* Debug */ = {
			isa = XCBuildConfiguration;
			buildSettings = {
				DEVELOPMENT_TEAM = TKA48YVS5T;
				INFOPLIST_FILE = AXCollectionViewBalancedFlowLayoutUITests/Info.plist;
				LD_RUNPATH_SEARCH_PATHS = "$(inherited) @executable_path/Frameworks @loader_path/Frameworks";
				PRODUCT_BUNDLE_IDENTIFIER = com.jiangyou.AXCollectionViewBalancedFlowLayoutUITests;
				PRODUCT_NAME = "$(TARGET_NAME)";
				TEST_TARGET_NAME = AXCollectionViewBalancedFlowLayout;
			};
			name = Debug;
		};
		DC420BE61DEE70DE007050B9 /* Release */ = {
			isa = XCBuildConfiguration;
			buildSettings = {
				DEVELOPMENT_TEAM = TKA48YVS5T;
				INFOPLIST_FILE = AXCollectionViewBalancedFlowLayoutUITests/Info.plist;
				LD_RUNPATH_SEARCH_PATHS = "$(inherited) @executable_path/Frameworks @loader_path/Frameworks";
				PRODUCT_BUNDLE_IDENTIFIER = com.jiangyou.AXCollectionViewBalancedFlowLayoutUITests;
				PRODUCT_NAME = "$(TARGET_NAME)";
				TEST_TARGET_NAME = AXCollectionViewBalancedFlowLayout;
			};
			name = Release;
		};
/* End XCBuildConfiguration section */

/* Begin XCConfigurationList section */
		DC420BAC1DEE70DE007050B9 /* Build configuration list for PBXProject "AXCollectionViewBalancedFlowLayout" */ = {
			isa = XCConfigurationList;
			buildConfigurations = (
				DC420BDC1DEE70DE007050B9 /* Debug */,
				DC420BDD1DEE70DE007050B9 /* Release */,
			);
			defaultConfigurationIsVisible = 0;
			defaultConfigurationName = Release;
		};
		DC420BDE1DEE70DE007050B9 /* Build configuration list for PBXNativeTarget "AXCollectionViewBalancedFlowLayout" */ = {
			isa = XCConfigurationList;
			buildConfigurations = (
				DC420BDF1DEE70DE007050B9 /* Debug */,
				DC420BE01DEE70DE007050B9 /* Release */,
			);
			defaultConfigurationIsVisible = 0;
		};
		DC420BE11DEE70DE007050B9 /* Build configuration list for PBXNativeTarget "AXCollectionViewBalancedFlowLayoutTests" */ = {
			isa = XCConfigurationList;
			buildConfigurations = (
				DC420BE21DEE70DE007050B9 /* Debug */,
				DC420BE31DEE70DE007050B9 /* Release */,
			);
			defaultConfigurationIsVisible = 0;
		};
		DC420BE41DEE70DE007050B9 /* Build configuration list for PBXNativeTarget "AXCollectionViewBalancedFlowLayoutUITests" */ = {
			isa = XCConfigurationList;
			buildConfigurations = (
				DC420BE51DEE70DE007050B9 /* Debug */,
				DC420BE61DEE70DE007050B9 /* Release */,
			);
			defaultConfigurationIsVisible = 0;
		};
/* End XCConfigurationList section */
	};
	rootObject = DC420BA91DEE70DE007050B9 /* Project object */;
}
